// !$*UTF8*$!
{
	archiveVersion = 1;
	classes = {
	};
	objectVersion = 46;
	objects = {

/* Begin PBXBuildFile section */
		159C18BE135DE54EACEF2421 /* Pods_HomeControllUITests.framework in Frameworks */ = {isa = PBXBuildFile; fileRef = AA9D44D756F53383E65C5E76 /* Pods_HomeControllUITests.framework */; };
		1A45B9E31E1D742700A75CA6 /* AppDelegate.swift in Sources */ = {isa = PBXBuildFile; fileRef = 1A45B9E21E1D742700A75CA6 /* AppDelegate.swift */; };
		1A45B9E51E1D742700A75CA6 /* ViewController.swift in Sources */ = {isa = PBXBuildFile; fileRef = 1A45B9E41E1D742700A75CA6 /* ViewController.swift */; };
		1A45B9E81E1D742800A75CA6 /* Main.storyboard in Resources */ = {isa = PBXBuildFile; fileRef = 1A45B9E61E1D742800A75CA6 /* Main.storyboard */; };
		1A45B9EB1E1D742800A75CA6 /* HomeControll.xcdatamodeld in Sources */ = {isa = PBXBuildFile; fileRef = 1A45B9E91E1D742800A75CA6 /* HomeControll.xcdatamodeld */; };
		1A45B9ED1E1D742800A75CA6 /* Assets.xcassets in Resources */ = {isa = PBXBuildFile; fileRef = 1A45B9EC1E1D742800A75CA6 /* Assets.xcassets */; };
		1A45B9F01E1D742800A75CA6 /* LaunchScreen.storyboard in Resources */ = {isa = PBXBuildFile; fileRef = 1A45B9EE1E1D742800A75CA6 /* LaunchScreen.storyboard */; };
		1A45B9FB1E1D742800A75CA6 /* HomeControllTests.swift in Sources */ = {isa = PBXBuildFile; fileRef = 1A45B9FA1E1D742800A75CA6 /* HomeControllTests.swift */; };
		1A45BA061E1D742800A75CA6 /* HomeControllUITests.swift in Sources */ = {isa = PBXBuildFile; fileRef = 1A45BA051E1D742800A75CA6 /* HomeControllUITests.swift */; };
		1A45BA161E1D75C500A75CA6 /* ControllTableViewCell.swift in Sources */ = {isa = PBXBuildFile; fileRef = 1A45BA151E1D75C500A75CA6 /* ControllTableViewCell.swift */; };
		1A45BA181E1D770F00A75CA6 /* TableViewController.swift in Sources */ = {isa = PBXBuildFile; fileRef = 1A45BA171E1D770F00A75CA6 /* TableViewController.swift */; };
		602EC9A5286D8C1FD26E3043 /* Pods_HomeControll.framework in Frameworks */ = {isa = PBXBuildFile; fileRef = A3CFE502221F7452EE3CB166 /* Pods_HomeControll.framework */; };
		9314F215B2FF8D581EF47A43 /* Pods_HomeControllTests.framework in Frameworks */ = {isa = PBXBuildFile; fileRef = 09C9C82C0E47CC797E02F373 /* Pods_HomeControllTests.framework */; };
/* End PBXBuildFile section */

/* Begin PBXContainerItemProxy section */
		1A45B9F71E1D742800A75CA6 /* PBXContainerItemProxy */ = {
			isa = PBXContainerItemProxy;
			containerPortal = 1A45B9D71E1D742700A75CA6 /* Project object */;
			proxyType = 1;
			remoteGlobalIDString = 1A45B9DE1E1D742700A75CA6;
			remoteInfo = HomeControll;
		};
		1A45BA021E1D742800A75CA6 /* PBXContainerItemProxy */ = {
			isa = PBXContainerItemProxy;
			containerPortal = 1A45B9D71E1D742700A75CA6 /* Project object */;
			proxyType = 1;
			remoteGlobalIDString = 1A45B9DE1E1D742700A75CA6;
			remoteInfo = HomeControll;
		};
/* End PBXContainerItemProxy section */

/* Begin PBXFileReference section */
		06CF8C691F01109456C2C20D /* Pods-HomeControllUITests.debug.xcconfig */ = {isa = PBXFileReference; includeInIndex = 1; lastKnownFileType = text.xcconfig; name = "Pods-HomeControllUITests.debug.xcconfig"; path = "Pods/Target Support Files/Pods-HomeControllUITests/Pods-HomeControllUITests.debug.xcconfig"; sourceTree = "<group>"; };
		09C9C82C0E47CC797E02F373 /* Pods_HomeControllTests.framework */ = {isa = PBXFileReference; explicitFileType = wrapper.framework; includeInIndex = 0; path = Pods_HomeControllTests.framework; sourceTree = BUILT_PRODUCTS_DIR; };
		1A406C05B2F53D7675E8BD2E /* Pods-HomeControll.release.xcconfig */ = {isa = PBXFileReference; includeInIndex = 1; lastKnownFileType = text.xcconfig; name = "Pods-HomeControll.release.xcconfig"; path = "Pods/Target Support Files/Pods-HomeControll/Pods-HomeControll.release.xcconfig"; sourceTree = "<group>"; };
		1A45B9DF1E1D742700A75CA6 /* HomeControll.app */ = {isa = PBXFileReference; explicitFileType = wrapper.application; includeInIndex = 0; path = HomeControll.app; sourceTree = BUILT_PRODUCTS_DIR; };
		1A45B9E21E1D742700A75CA6 /* AppDelegate.swift */ = {isa = PBXFileReference; lastKnownFileType = sourcecode.swift; path = AppDelegate.swift; sourceTree = "<group>"; };
		1A45B9E41E1D742700A75CA6 /* ViewController.swift */ = {isa = PBXFileReference; lastKnownFileType = sourcecode.swift; path = ViewController.swift; sourceTree = "<group>"; };
		1A45B9E71E1D742800A75CA6 /* Base */ = {isa = PBXFileReference; lastKnownFileType = file.storyboard; name = Base; path = Base.lproj/Main.storyboard; sourceTree = "<group>"; };
		1A45B9EA1E1D742800A75CA6 /* HomeControll.xcdatamodel */ = {isa = PBXFileReference; lastKnownFileType = wrapper.xcdatamodel; path = HomeControll.xcdatamodel; sourceTree = "<group>"; };
		1A45B9EC1E1D742800A75CA6 /* Assets.xcassets */ = {isa = PBXFileReference; lastKnownFileType = folder.assetcatalog; path = Assets.xcassets; sourceTree = "<group>"; };
		1A45B9EF1E1D742800A75CA6 /* Base */ = {isa = PBXFileReference; lastKnownFileType = file.storyboard; name = Base; path = Base.lproj/LaunchScreen.storyboard; sourceTree = "<group>"; };
		1A45B9F11E1D742800A75CA6 /* Info.plist */ = {isa = PBXFileReference; lastKnownFileType = text.plist.xml; path = Info.plist; sourceTree = "<group>"; };
		1A45B9F61E1D742800A75CA6 /* HomeControllTests.xctest */ = {isa = PBXFileReference; explicitFileType = wrapper.cfbundle; includeInIndex = 0; path = HomeControllTests.xctest; sourceTree = BUILT_PRODUCTS_DIR; };
		1A45B9FA1E1D742800A75CA6 /* HomeControllTests.swift */ = {isa = PBXFileReference; lastKnownFileType = sourcecode.swift; path = HomeControllTests.swift; sourceTree = "<group>"; };
		1A45B9FC1E1D742800A75CA6 /* Info.plist */ = {isa = PBXFileReference; lastKnownFileType = text.plist.xml; path = Info.plist; sourceTree = "<group>"; };
		1A45BA011E1D742800A75CA6 /* HomeControllUITests.xctest */ = {isa = PBXFileReference; explicitFileType = wrapper.cfbundle; includeInIndex = 0; path = HomeControllUITests.xctest; sourceTree = BUILT_PRODUCTS_DIR; };
		1A45BA051E1D742800A75CA6 /* HomeControllUITests.swift */ = {isa = PBXFileReference; lastKnownFileType = sourcecode.swift; path = HomeControllUITests.swift; sourceTree = "<group>"; };
		1A45BA071E1D742800A75CA6 /* Info.plist */ = {isa = PBXFileReference; lastKnownFileType = text.plist.xml; path = Info.plist; sourceTree = "<group>"; };
		1A45BA151E1D75C500A75CA6 /* ControllTableViewCell.swift */ = {isa = PBXFileReference; fileEncoding = 4; lastKnownFileType = sourcecode.swift; path = ControllTableViewCell.swift; sourceTree = "<group>"; };
		1A45BA171E1D770F00A75CA6 /* TableViewController.swift */ = {isa = PBXFileReference; fileEncoding = 4; lastKnownFileType = sourcecode.swift; path = TableViewController.swift; sourceTree = "<group>"; };
		765BC8AFCA6F798D702DE35E /* Pods-HomeControll.debug.xcconfig */ = {isa = PBXFileReference; includeInIndex = 1; lastKnownFileType = text.xcconfig; name = "Pods-HomeControll.debug.xcconfig"; path = "Pods/Target Support Files/Pods-HomeControll/Pods-HomeControll.debug.xcconfig"; sourceTree = "<group>"; };
		9910AA730C88D3D3D89A575C /* Pods-HomeControllTests.debug.xcconfig */ = {isa = PBXFileReference; includeInIndex = 1; lastKnownFileType = text.xcconfig; name = "Pods-HomeControllTests.debug.xcconfig"; path = "Pods/Target Support Files/Pods-HomeControllTests/Pods-HomeControllTests.debug.xcconfig"; sourceTree = "<group>"; };
		A3CFE502221F7452EE3CB166 /* Pods_HomeControll.framework */ = {isa = PBXFileReference; explicitFileType = wrapper.framework; includeInIndex = 0; path = Pods_HomeControll.framework; sourceTree = BUILT_PRODUCTS_DIR; };
		AA9D44D756F53383E65C5E76 /* Pods_HomeControllUITests.framework */ = {isa = PBXFileReference; explicitFileType = wrapper.framework; includeInIndex = 0; path = Pods_HomeControllUITests.framework; sourceTree = BUILT_PRODUCTS_DIR; };
		D3D72AB8D563D90CBA868990 /* Pods-HomeControllUITests.release.xcconfig */ = {isa = PBXFileReference; includeInIndex = 1; lastKnownFileType = text.xcconfig; name = "Pods-HomeControllUITests.release.xcconfig"; path = "Pods/Target Support Files/Pods-HomeControllUITests/Pods-HomeControllUITests.release.xcconfig"; sourceTree = "<group>"; };
		E2957A850D289F9B15CEBEA2 /* Pods-HomeControllTests.release.xcconfig */ = {isa = PBXFileReference; includeInIndex = 1; lastKnownFileType = text.xcconfig; name = "Pods-HomeControllTests.release.xcconfig"; path = "Pods/Target Support Files/Pods-HomeControllTests/Pods-HomeControllTests.release.xcconfig"; sourceTree = "<group>"; };
/* End PBXFileReference section */

/* Begin PBXFrameworksBuildPhase section */
		1A45B9DC1E1D742700A75CA6 /* Frameworks */ = {
			isa = PBXFrameworksBuildPhase;
			buildActionMask = 2147483647;
			files = (
				602EC9A5286D8C1FD26E3043 /* Pods_HomeControll.framework in Frameworks */,
			);
			runOnlyForDeploymentPostprocessing = 0;
		};
		1A45B9F31E1D742800A75CA6 /* Frameworks */ = {
			isa = PBXFrameworksBuildPhase;
			buildActionMask = 2147483647;
			files = (
				9314F215B2FF8D581EF47A43 /* Pods_HomeControllTests.framework in Frameworks */,
			);
			runOnlyForDeploymentPostprocessing = 0;
		};
		1A45B9FE1E1D742800A75CA6 /* Frameworks */ = {
			isa = PBXFrameworksBuildPhase;
			buildActionMask = 2147483647;
			files = (
				159C18BE135DE54EACEF2421 /* Pods_HomeControllUITests.framework in Frameworks */,
			);
			runOnlyForDeploymentPostprocessing = 0;
		};
/* End PBXFrameworksBuildPhase section */

/* Begin PBXGroup section */
		0AA7CEBC9C99DC2F163864D2 /* Frameworks */ = {
			isa = PBXGroup;
			children = (
				A3CFE502221F7452EE3CB166 /* Pods_HomeControll.framework */,
				09C9C82C0E47CC797E02F373 /* Pods_HomeControllTests.framework */,
				AA9D44D756F53383E65C5E76 /* Pods_HomeControllUITests.framework */,
			);
			name = Frameworks;
			sourceTree = "<group>";
		};
		1A45B9D61E1D742700A75CA6 = {
			isa = PBXGroup;
			children = (
				1A45B9E11E1D742700A75CA6 /* HomeControll */,
				1A45B9F91E1D742800A75CA6 /* HomeControllTests */,
				1A45BA041E1D742800A75CA6 /* HomeControllUITests */,
				1A45B9E01E1D742700A75CA6 /* Products */,
				2EE7C31A9A408149D94A9B55 /* Pods */,
				0AA7CEBC9C99DC2F163864D2 /* Frameworks */,
			);
			sourceTree = "<group>";
		};
		1A45B9E01E1D742700A75CA6 /* Products */ = {
			isa = PBXGroup;
			children = (
				1A45B9DF1E1D742700A75CA6 /* HomeControll.app */,
				1A45B9F61E1D742800A75CA6 /* HomeControllTests.xctest */,
				1A45BA011E1D742800A75CA6 /* HomeControllUITests.xctest */,
			);
			name = Products;
			sourceTree = "<group>";
		};
		1A45B9E11E1D742700A75CA6 /* HomeControll */ = {
			isa = PBXGroup;
			children = (
				1A45B9E21E1D742700A75CA6 /* AppDelegate.swift */,
				1A45B9E41E1D742700A75CA6 /* ViewController.swift */,
				1A45BA171E1D770F00A75CA6 /* TableViewController.swift */,
				1A45BA151E1D75C500A75CA6 /* ControllTableViewCell.swift */,
				1A45B9E61E1D742800A75CA6 /* Main.storyboard */,
				1A45B9EC1E1D742800A75CA6 /* Assets.xcassets */,
				1A45B9EE1E1D742800A75CA6 /* LaunchScreen.storyboard */,
				1A45B9F11E1D742800A75CA6 /* Info.plist */,
				1A45B9E91E1D742800A75CA6 /* HomeControll.xcdatamodeld */,
			);
			path = HomeControll;
			sourceTree = "<group>";
		};
		1A45B9F91E1D742800A75CA6 /* HomeControllTests */ = {
			isa = PBXGroup;
			children = (
				1A45B9FA1E1D742800A75CA6 /* HomeControllTests.swift */,
				1A45B9FC1E1D742800A75CA6 /* Info.plist */,
			);
			path = HomeControllTests;
			sourceTree = "<group>";
		};
		1A45BA041E1D742800A75CA6 /* HomeControllUITests */ = {
			isa = PBXGroup;
			children = (
				1A45BA051E1D742800A75CA6 /* HomeControllUITests.swift */,
				1A45BA071E1D742800A75CA6 /* Info.plist */,
			);
			path = HomeControllUITests;
			sourceTree = "<group>";
		};
		2EE7C31A9A408149D94A9B55 /* Pods */ = {
			isa = PBXGroup;
			children = (
				765BC8AFCA6F798D702DE35E /* Pods-HomeControll.debug.xcconfig */,
				1A406C05B2F53D7675E8BD2E /* Pods-HomeControll.release.xcconfig */,
				9910AA730C88D3D3D89A575C /* Pods-HomeControllTests.debug.xcconfig */,
				E2957A850D289F9B15CEBEA2 /* Pods-HomeControllTests.release.xcconfig */,
				06CF8C691F01109456C2C20D /* Pods-HomeControllUITests.debug.xcconfig */,
				D3D72AB8D563D90CBA868990 /* Pods-HomeControllUITests.release.xcconfig */,
			);
			name = Pods;
			sourceTree = "<group>";
		};
/* End PBXGroup section */

/* Begin PBXNativeTarget section */
		1A45B9DE1E1D742700A75CA6 /* HomeControll */ = {
			isa = PBXNativeTarget;
			buildConfigurationList = 1A45BA0A1E1D742800A75CA6 /* Build configuration list for PBXNativeTarget "HomeControll" */;
			buildPhases = (
				5CC888923F424660ADD10C05 /* [CP] Check Pods Manifest.lock */,
				1A45B9DB1E1D742700A75CA6 /* Sources */,
				1A45B9DC1E1D742700A75CA6 /* Frameworks */,
				1A45B9DD1E1D742700A75CA6 /* Resources */,
				C21B67CB641D9776BEAEBCD2 /* [CP] Embed Pods Frameworks */,
				D8A6F9197EA8E84513ABA0D0 /* [CP] Copy Pods Resources */,
			);
			buildRules = (
			);
			dependencies = (
			);
			name = HomeControll;
			productName = HomeControll;
			productReference = 1A45B9DF1E1D742700A75CA6 /* HomeControll.app */;
			productType = "com.apple.product-type.application";
		};
		1A45B9F51E1D742800A75CA6 /* HomeControllTests */ = {
			isa = PBXNativeTarget;
			buildConfigurationList = 1A45BA0D1E1D742800A75CA6 /* Build configuration list for PBXNativeTarget "HomeControllTests" */;
			buildPhases = (
				D4AE2168E22A9467B92E2C77 /* [CP] Check Pods Manifest.lock */,
				1A45B9F21E1D742800A75CA6 /* Sources */,
				1A45B9F31E1D742800A75CA6 /* Frameworks */,
				1A45B9F41E1D742800A75CA6 /* Resources */,
				3F3E1DA9F22C73257D4B4C2E /* [CP] Embed Pods Frameworks */,
				C4E5C4BC5501D64F4C800038 /* [CP] Copy Pods Resources */,
			);
			buildRules = (
			);
			dependencies = (
				1A45B9F81E1D742800A75CA6 /* PBXTargetDependency */,
			);
			name = HomeControllTests;
			productName = HomeControllTests;
			productReference = 1A45B9F61E1D742800A75CA6 /* HomeControllTests.xctest */;
			productType = "com.apple.product-type.bundle.unit-test";
		};
		1A45BA001E1D742800A75CA6 /* HomeControllUITests */ = {
			isa = PBXNativeTarget;
			buildConfigurationList = 1A45BA101E1D742800A75CA6 /* Build configuration list for PBXNativeTarget "HomeControllUITests" */;
			buildPhases = (
				DE2BAB553EE5069D620F5DC3 /* [CP] Check Pods Manifest.lock */,
				1A45B9FD1E1D742800A75CA6 /* Sources */,
				1A45B9FE1E1D742800A75CA6 /* Frameworks */,
				1A45B9FF1E1D742800A75CA6 /* Resources */,
				6B83F28BC7337A6D24130E1D /* [CP] Embed Pods Frameworks */,
				9BA3C29D6C86E5AB6AF1F610 /* [CP] Copy Pods Resources */,
			);
			buildRules = (
			);
			dependencies = (
				1A45BA031E1D742800A75CA6 /* PBXTargetDependency */,
			);
			name = HomeControllUITests;
			productName = HomeControllUITests;
			productReference = 1A45BA011E1D742800A75CA6 /* HomeControllUITests.xctest */;
			productType = "com.apple.product-type.bundle.ui-testing";
		};
/* End PBXNativeTarget section */

/* Begin PBXProject section */
		1A45B9D71E1D742700A75CA6 /* Project object */ = {
			isa = PBXProject;
			attributes = {
				LastSwiftUpdateCheck = 0820;
				LastUpgradeCheck = 0820;
				ORGANIZATIONNAME = auryn;
				TargetAttributes = {
					1A45B9DE1E1D742700A75CA6 = {
						CreatedOnToolsVersion = 8.2.1;
						DevelopmentTeam = T8PHBKC7HU;
						ProvisioningStyle = Automatic;
					};
					1A45B9F51E1D742800A75CA6 = {
						CreatedOnToolsVersion = 8.2.1;
						DevelopmentTeam = T8PHBKC7HU;
						ProvisioningStyle = Automatic;
						TestTargetID = 1A45B9DE1E1D742700A75CA6;
					};
					1A45BA001E1D742800A75CA6 = {
						CreatedOnToolsVersion = 8.2.1;
						DevelopmentTeam = T8PHBKC7HU;
						ProvisioningStyle = Automatic;
						TestTargetID = 1A45B9DE1E1D742700A75CA6;
					};
				};
			};
			buildConfigurationList = 1A45B9DA1E1D742700A75CA6 /* Build configuration list for PBXProject "HomeControll" */;
			compatibilityVersion = "Xcode 3.2";
			developmentRegion = English;
			hasScannedForEncodings = 0;
			knownRegions = (
				en,
				Base,
			);
			mainGroup = 1A45B9D61E1D742700A75CA6;
			productRefGroup = 1A45B9E01E1D742700A75CA6 /* Products */;
			projectDirPath = "";
			projectRoot = "";
			targets = (
				1A45B9DE1E1D742700A75CA6 /* HomeControll */,
				1A45B9F51E1D742800A75CA6 /* HomeControllTests */,
				1A45BA001E1D742800A75CA6 /* HomeControllUITests */,
			);
		};
/* End PBXProject section */

/* Begin PBXResourcesBuildPhase section */
		1A45B9DD1E1D742700A75CA6 /* Resources */ = {
			isa = PBXResourcesBuildPhase;
			buildActionMask = 2147483647;
			files = (
				1A45B9F01E1D742800A75CA6 /* LaunchScreen.storyboard in Resources */,
				1A45B9ED1E1D742800A75CA6 /* Assets.xcassets in Resources */,
				1A45B9E81E1D742800A75CA6 /* Main.storyboard in Resources */,
			);
			runOnlyForDeploymentPostprocessing = 0;
		};
		1A45B9F41E1D742800A75CA6 /* Resources */ = {
			isa = PBXResourcesBuildPhase;
			buildActionMask = 2147483647;
			files = (
			);
			runOnlyForDeploymentPostprocessing = 0;
		};
		1A45B9FF1E1D742800A75CA6 /* Resources */ = {
			isa = PBXResourcesBuildPhase;
			buildActionMask = 2147483647;
			files = (
			);
			runOnlyForDeploymentPostprocessing = 0;
		};
/* End PBXResourcesBuildPhase section */

/* Begin PBXShellScriptBuildPhase section */
		3F3E1DA9F22C73257D4B4C2E /* [CP] Embed Pods Frameworks */ = {
			isa = PBXShellScriptBuildPhase;
			buildActionMask = 2147483647;
			files = (
			);
			inputPaths = (
			);
			name = "[CP] Embed Pods Frameworks";
			outputPaths = (
			);
			runOnlyForDeploymentPostprocessing = 0;
			shellPath = /bin/sh;
			shellScript = "\"${SRCROOT}/Pods/Target Support Files/Pods-HomeControllTests/Pods-HomeControllTests-frameworks.sh\"\n";
			showEnvVarsInLog = 0;
		};
		5CC888923F424660ADD10C05 /* [CP] Check Pods Manifest.lock */ = {
			isa = PBXShellScriptBuildPhase;
			buildActionMask = 2147483647;
			files = (
			);
			inputPaths = (
			);
			name = "[CP] Check Pods Manifest.lock";
			outputPaths = (
			);
			runOnlyForDeploymentPostprocessing = 0;
			shellPath = /bin/sh;
			shellScript = "diff \"${PODS_ROOT}/../Podfile.lock\" \"${PODS_ROOT}/Manifest.lock\" > /dev/null\nif [ $? != 0 ] ; then\n    # print error to STDERR\n    echo \"error: The sandbox is not in sync with the Podfile.lock. Run 'pod install' or update your CocoaPods installation.\" >&2\n    exit 1\nfi\n";
			showEnvVarsInLog = 0;
		};
		6B83F28BC7337A6D24130E1D /* [CP] Embed Pods Frameworks */ = {
			isa = PBXShellScriptBuildPhase;
			buildActionMask = 2147483647;
			files = (
			);
			inputPaths = (
			);
			name = "[CP] Embed Pods Frameworks";
			outputPaths = (
			);
			runOnlyForDeploymentPostprocessing = 0;
			shellPath = /bin/sh;
			shellScript = "\"${SRCROOT}/Pods/Target Support Files/Pods-HomeControllUITests/Pods-HomeControllUITests-frameworks.sh\"\n";
			showEnvVarsInLog = 0;
		};
		9BA3C29D6C86E5AB6AF1F610 /* [CP] Copy Pods Resources */ = {
			isa = PBXShellScriptBuildPhase;
			buildActionMask = 2147483647;
			files = (
			);
			inputPaths = (
			);
			name = "[CP] Copy Pods Resources";
			outputPaths = (
			);
			runOnlyForDeploymentPostprocessing = 0;
			shellPath = /bin/sh;
			shellScript = "\"${SRCROOT}/Pods/Target Support Files/Pods-HomeControllUITests/Pods-HomeControllUITests-resources.sh\"\n";
			showEnvVarsInLog = 0;
		};
		C21B67CB641D9776BEAEBCD2 /* [CP] Embed Pods Frameworks */ = {
			isa = PBXShellScriptBuildPhase;
			buildActionMask = 2147483647;
			files = (
			);
			inputPaths = (
			);
			name = "[CP] Embed Pods Frameworks";
			outputPaths = (
			);
			runOnlyForDeploymentPostprocessing = 0;
			shellPath = /bin/sh;
			shellScript = "\"${SRCROOT}/Pods/Target Support Files/Pods-HomeControll/Pods-HomeControll-frameworks.sh\"\n";
			showEnvVarsInLog = 0;
		};
		C4E5C4BC5501D64F4C800038 /* [CP] Copy Pods Resources */ = {
			isa = PBXShellScriptBuildPhase;
			buildActionMask = 2147483647;
			files = (
			);
			inputPaths = (
			);
			name = "[CP] Copy Pods Resources";
			outputPaths = (
			);
			runOnlyForDeploymentPostprocessing = 0;
			shellPath = /bin/sh;
			shellScript = "\"${SRCROOT}/Pods/Target Support Files/Pods-HomeControllTests/Pods-HomeControllTests-resources.sh\"\n";
			showEnvVarsInLog = 0;
		};
		D4AE2168E22A9467B92E2C77 /* [CP] Check Pods Manifest.lock */ = {
			isa = PBXShellScriptBuildPhase;
			buildActionMask = 2147483647;
			files = (
			);
			inputPaths = (
			);
			name = "[CP] Check Pods Manifest.lock";
			outputPaths = (
			);
			runOnlyForDeploymentPostprocessing = 0;
			shellPath = /bin/sh;
			shellScript = "diff \"${PODS_ROOT}/../Podfile.lock\" \"${PODS_ROOT}/Manifest.lock\" > /dev/null\nif [ $? != 0 ] ; then\n    # print error to STDERR\n    echo \"error: The sandbox is not in sync with the Podfile.lock. Run 'pod install' or update your CocoaPods installation.\" >&2\n    exit 1\nfi\n";
			showEnvVarsInLog = 0;
		};
		D8A6F9197EA8E84513ABA0D0 /* [CP] Copy Pods Resources */ = {
			isa = PBXShellScriptBuildPhase;
			buildActionMask = 2147483647;
			files = (
			);
			inputPaths = (
			);
			name = "[CP] Copy Pods Resources";
			outputPaths = (
			);
			runOnlyForDeploymentPostprocessing = 0;
			shellPath = /bin/sh;
			shellScript = "\"${SRCROOT}/Pods/Target Support Files/Pods-HomeControll/Pods-HomeControll-resources.sh\"\n";
			showEnvVarsInLog = 0;
		};
		DE2BAB553EE5069D620F5DC3 /* [CP] Check Pods Manifest.lock */ = {
			isa = PBXShellScriptBuildPhase;
			buildActionMask = 2147483647;
			files = (
			);
			inputPaths = (
			);
			name = "[CP] Check Pods Manifest.lock";
			outputPaths = (
			);
			runOnlyForDeploymentPostprocessing = 0;
			shellPath = /bin/sh;
			shellScript = "diff \"${PODS_ROOT}/../Podfile.lock\" \"${PODS_ROOT}/Manifest.lock\" > /dev/null\nif [ $? != 0 ] ; then\n    # print error to STDERR\n    echo \"error: The sandbox is not in sync with the Podfile.lock. Run 'pod install' or update your CocoaPods installation.\" >&2\n    exit 1\nfi\n";
			showEnvVarsInLog = 0;
		};
/* End PBXShellScriptBuildPhase section */

/* Begin PBXSourcesBuildPhase section */
		1A45B9DB1E1D742700A75CA6 /* Sources */ = {
			isa = PBXSourcesBuildPhase;
			buildActionMask = 2147483647;
			files = (
				1A45B9E51E1D742700A75CA6 /* ViewController.swift in Sources */,
				1A45B9E31E1D742700A75CA6 /* AppDelegate.swift in Sources */,
				1A45BA161E1D75C500A75CA6 /* ControllTableViewCell.swift in Sources */,
				1A45BA181E1D770F00A75CA6 /* TableViewController.swift in Sources */,
				1A45B9EB1E1D742800A75CA6 /* HomeControll.xcdatamodeld in Sources */,
			);
			runOnlyForDeploymentPostprocessing = 0;
		};
		1A45B9F21E1D742800A75CA6 /* Sources */ = {
			isa = PBXSourcesBuildPhase;
			buildActionMask = 2147483647;
			files = (
				1A45B9FB1E1D742800A75CA6 /* HomeControllTests.swift in Sources */,
			);
			runOnlyForDeploymentPostprocessing = 0;
		};
		1A45B9FD1E1D742800A75CA6 /* Sources */ = {
			isa = PBXSourcesBuildPhase;
			buildActionMask = 2147483647;
			files = (
				1A45BA061E1D742800A75CA6 /* HomeControllUITests.swift in Sources */,
			);
			runOnlyForDeploymentPostprocessing = 0;
		};
/* End PBXSourcesBuildPhase section */

/* Begin PBXTargetDependency section */
		1A45B9F81E1D742800A75CA6 /* PBXTargetDependency */ = {
			isa = PBXTargetDependency;
			target = 1A45B9DE1E1D742700A75CA6 /* HomeControll */;
			targetProxy = 1A45B9F71E1D742800A75CA6 /* PBXContainerItemProxy */;
		};
		1A45BA031E1D742800A75CA6 /* PBXTargetDependency */ = {
			isa = PBXTargetDependency;
			target = 1A45B9DE1E1D742700A75CA6 /* HomeControll */;
			targetProxy = 1A45BA021E1D742800A75CA6 /* PBXContainerItemProxy */;
		};
/* End PBXTargetDependency section */

/* Begin PBXVariantGroup section */
		1A45B9E61E1D742800A75CA6 /* Main.storyboard */ = {
			isa = PBXVariantGroup;
			children = (
				1A45B9E71E1D742800A75CA6 /* Base */,
			);
			name = Main.storyboard;
			sourceTree = "<group>";
		};
		1A45B9EE1E1D742800A75CA6 /* LaunchScreen.storyboard */ = {
			isa = PBXVariantGroup;
			children = (
				1A45B9EF1E1D742800A75CA6 /* Base */,
			);
			name = LaunchScreen.storyboard;
			sourceTree = "<group>";
		};
/* End PBXVariantGroup section */

/* Begin XCBuildConfiguration section */
		1A45BA081E1D742800A75CA6 /* Debug */ = {
			isa = XCBuildConfiguration;
			buildSettings = {
				ALWAYS_SEARCH_USER_PATHS = NO;
				CLANG_ANALYZER_NONNULL = YES;
				CLANG_CXX_LANGUAGE_STANDARD = "gnu++0x";
				CLANG_CXX_LIBRARY = "libc++";
				CLANG_ENABLE_MODULES = YES;
				CLANG_ENABLE_OBJC_ARC = YES;
				CLANG_WARN_BOOL_CONVERSION = YES;
				CLANG_WARN_CONSTANT_CONVERSION = YES;
				CLANG_WARN_DIRECT_OBJC_ISA_USAGE = YES_ERROR;
				CLANG_WARN_DOCUMENTATION_COMMENTS = YES;
				CLANG_WARN_EMPTY_BODY = YES;
				CLANG_WARN_ENUM_CONVERSION = YES;
				CLANG_WARN_INFINITE_RECURSION = YES;
				CLANG_WARN_INT_CONVERSION = YES;
				CLANG_WARN_OBJC_ROOT_CLASS = YES_ERROR;
				CLANG_WARN_SUSPICIOUS_MOVE = YES;
				CLANG_WARN_UNREACHABLE_CODE = YES;
				CLANG_WARN__DUPLICATE_METHOD_MATCH = YES;
				"CODE_SIGN_IDENTITY[sdk=iphoneos*]" = "iPhone Developer";
				COPY_PHASE_STRIP = NO;
				DEBUG_INFORMATION_FORMAT = dwarf;
				ENABLE_STRICT_OBJC_MSGSEND = YES;
				ENABLE_TESTABILITY = YES;
				GCC_C_LANGUAGE_STANDARD = gnu99;
				GCC_DYNAMIC_NO_PIC = NO;
				GCC_NO_COMMON_BLOCKS = YES;
				GCC_OPTIMIZATION_LEVEL = 0;
				GCC_PREPROCESSOR_DEFINITIONS = (
					"DEBUG=1",
					"$(inherited)",
				);
				GCC_WARN_64_TO_32_BIT_CONVERSION = YES;
				GCC_WARN_ABOUT_RETURN_TYPE = YES_ERROR;
				GCC_WARN_UNDECLARED_SELECTOR = YES;
				GCC_WARN_UNINITIALIZED_AUTOS = YES_AGGRESSIVE;
				GCC_WARN_UNUSED_FUNCTION = YES;
				GCC_WARN_UNUSED_VARIABLE = YES;
				IPHONEOS_DEPLOYMENT_TARGET = 10.2;
				MTL_ENABLE_DEBUG_INFO = YES;
				ONLY_ACTIVE_ARCH = YES;
				SDKROOT = iphoneos;
				SWIFT_ACTIVE_COMPILATION_CONDITIONS = DEBUG;
				SWIFT_OPTIMIZATION_LEVEL = "-Onone";
				TARGETED_DEVICE_FAMILY = "1,2";
			};
			name = Debug;
		};
		1A45BA091E1D742800A75CA6 /* Release */ = {
			isa = XCBuildConfiguration;
			buildSettings = {
				ALWAYS_SEARCH_USER_PATHS = NO;
				CLANG_ANALYZER_NONNULL = YES;
				CLANG_CXX_LANGUAGE_STANDARD = "gnu++0x";
				CLANG_CXX_LIBRARY = "libc++";
				CLANG_ENABLE_MODULES = YES;
				CLANG_ENABLE_OBJC_ARC = YES;
				CLANG_WARN_BOOL_CONVERSION = YES;
				CLANG_WARN_CONSTANT_CONVERSION = YES;
				CLANG_WARN_DIRECT_OBJC_ISA_USAGE = YES_ERROR;
				CLANG_WARN_DOCUMENTATION_COMMENTS = YES;
				CLANG_WARN_EMPTY_BODY = YES;
				CLANG_WARN_ENUM_CONVERSION = YES;
				CLANG_WARN_INFINITE_RECURSION = YES;
				CLANG_WARN_INT_CONVERSION = YES;
				CLANG_WARN_OBJC_ROOT_CLASS = YES_ERROR;
				CLANG_WARN_SUSPICIOUS_MOVE = YES;
				CLANG_WARN_UNREACHABLE_CODE = YES;
				CLANG_WARN__DUPLICATE_METHOD_MATCH = YES;
				"CODE_SIGN_IDENTITY[sdk=iphoneos*]" = "iPhone Developer";
				COPY_PHASE_STRIP = NO;
				DEBUG_INFORMATION_FORMAT = "dwarf-with-dsym";
				ENABLE_NS_ASSERTIONS = NO;
				ENABLE_STRICT_OBJC_MSGSEND = YES;
				GCC_C_LANGUAGE_STANDARD = gnu99;
				GCC_NO_COMMON_BLOCKS = YES;
				GCC_WARN_64_TO_32_BIT_CONVERSION = YES;
				GCC_WARN_ABOUT_RETURN_TYPE = YES_ERROR;
				GCC_WARN_UNDECLARED_SELECTOR = YES;
				GCC_WARN_UNINITIALIZED_AUTOS = YES_AGGRESSIVE;
				GCC_WARN_UNUSED_FUNCTION = YES;
				GCC_WARN_UNUSED_VARIABLE = YES;
				IPHONEOS_DEPLOYMENT_TARGET = 10.2;
				MTL_ENABLE_DEBUG_INFO = NO;
				SDKROOT = iphoneos;
				SWIFT_OPTIMIZATION_LEVEL = "-Owholemodule";
				TARGETED_DEVICE_FAMILY = "1,2";
				VALIDATE_PRODUCT = YES;
			};
			name = Release;
		};
		1A45BA0B1E1D742800A75CA6 /* Debug */ = {
			isa = XCBuildConfiguration;
			baseConfigurationReference = 765BC8AFCA6F798D702DE35E /* Pods-HomeControll.debug.xcconfig */;
			buildSettings = {
				ASSETCATALOG_COMPILER_APPICON_NAME = AppIcon;
				DEVELOPMENT_TEAM = T8PHBKC7HU;
				INFOPLIST_FILE = HomeControll/Info.plist;
				LD_RUNPATH_SEARCH_PATHS = "$(inherited) @executable_path/Frameworks";
				PRODUCT_BUNDLE_IDENTIFIER = de.auryn.HomeControll;
				PRODUCT_NAME = "$(TARGET_NAME)";
				SWIFT_VERSION = 3.0;
			};
			name = Debug;
		};
		1A45BA0C1E1D742800A75CA6 /* Release */ = {
			isa = XCBuildConfiguration;
			baseConfigurationReference = 1A406C05B2F53D7675E8BD2E /* Pods-HomeControll.release.xcconfig */;
			buildSettings = {
				ASSETCATALOG_COMPILER_APPICON_NAME = AppIcon;
				DEVELOPMENT_TEAM = T8PHBKC7HU;
				INFOPLIST_FILE = HomeControll/Info.plist;
				LD_RUNPATH_SEARCH_PATHS = "$(inherited) @executable_path/Frameworks";
				PRODUCT_BUNDLE_IDENTIFIER = de.auryn.HomeControll;
				PRODUCT_NAME = "$(TARGET_NAME)";
				SWIFT_VERSION = 3.0;
			};
			name = Release;
		};
		1A45BA0E1E1D742800A75CA6 /* Debug */ = {
			isa = XCBuildConfiguration;
			baseConfigurationReference = 9910AA730C88D3D3D89A575C /* Pods-HomeControllTests.debug.xcconfig */;
			buildSettings = {
				ALWAYS_EMBED_SWIFT_STANDARD_LIBRARIES = YES;
				BUNDLE_LOADER = "$(TEST_HOST)";
				DEVELOPMENT_TEAM = T8PHBKC7HU;
				INFOPLIST_FILE = HomeControllTests/Info.plist;
				LD_RUNPATH_SEARCH_PATHS = "$(inherited) @executable_path/Frameworks @loader_path/Frameworks";
				PRODUCT_BUNDLE_IDENTIFIER = de.auryn.HomeControllTests;
				PRODUCT_NAME = "$(TARGET_NAME)";
				SWIFT_VERSION = 3.0;
				TEST_HOST = "$(BUILT_PRODUCTS_DIR)/HomeControll.app/HomeControll";
			};
			name = Debug;
		};
		1A45BA0F1E1D742800A75CA6 /* Release */ = {
			isa = XCBuildConfiguration;
			baseConfigurationReference = E2957A850D289F9B15CEBEA2 /* Pods-HomeControllTests.release.xcconfig */;
			buildSettings = {
				ALWAYS_EMBED_SWIFT_STANDARD_LIBRARIES = YES;
				BUNDLE_LOADER = "$(TEST_HOST)";
				DEVELOPMENT_TEAM = T8PHBKC7HU;
				INFOPLIST_FILE = HomeControllTests/Info.plist;
				LD_RUNPATH_SEARCH_PATHS = "$(inherited) @executable_path/Frameworks @loader_path/Frameworks";
				PRODUCT_BUNDLE_IDENTIFIER = de.auryn.HomeControllTests;
				PRODUCT_NAME = "$(TARGET_NAME)";
				SWIFT_VERSION = 3.0;
				TEST_HOST = "$(BUILT_PRODUCTS_DIR)/HomeControll.app/HomeControll";
			};
			name = Release;
		};
		1A45BA111E1D742800A75CA6 /* Debug */ = {
			isa = XCBuildConfiguration;
			baseConfigurationReference = 06CF8C691F01109456C2C20D /* Pods-HomeControllUITests.debug.xcconfig */;
			buildSettings = {
				ALWAYS_EMBED_SWIFT_STANDARD_LIBRARIES = YES;
				DEVELOPMENT_TEAM = T8PHBKC7HU;
				INFOPLIST_FILE = HomeControllUITests/Info.plist;
				LD_RUNPATH_SEARCH_PATHS = "$(inherited) @executable_path/Frameworks @loader_path/Frameworks";
				PRODUCT_BUNDLE_IDENTIFIER = de.auryn.HomeControllUITests;
				PRODUCT_NAME = "$(TARGET_NAME)";
				SWIFT_VERSION = 3.0;
				TEST_TARGET_NAME = HomeControll;
			};
			name = Debug;
		};
		1A45BA121E1D742800A75CA6 /* Release */ = {
			isa = XCBuildConfiguration;
			baseConfigurationReference = D3D72AB8D563D90CBA868990 /* Pods-HomeControllUITests.release.xcconfig */;
			buildSettings = {
				ALWAYS_EMBED_SWIFT_STANDARD_LIBRARIES = YES;
				DEVELOPMENT_TEAM = T8PHBKC7HU;
				INFOPLIST_FILE = HomeControllUITests/Info.plist;
				LD_RUNPATH_SEARCH_PATHS = "$(inherited) @executable_path/Frameworks @loader_path/Frameworks";
				PRODUCT_BUNDLE_IDENTIFIER = de.auryn.HomeControllUITests;
				PRODUCT_NAME = "$(TARGET_NAME)";
				SWIFT_VERSION = 3.0;
				TEST_TARGET_NAME = HomeControll;
			};
			name = Release;
		};
/* End XCBuildConfiguration section */

/* Begin XCConfigurationList section */
		1A45B9DA1E1D742700A75CA6 /* Build configuration list for PBXProject "HomeControll" */ = {
			isa = XCConfigurationList;
			buildConfigurations = (
				1A45BA081E1D742800A75CA6 /* Debug */,
				1A45BA091E1D742800A75CA6 /* Release */,
			);
			defaultConfigurationIsVisible = 0;
			defaultConfigurationName = Release;
		};
		1A45BA0A1E1D742800A75CA6 /* Build configuration list for PBXNativeTarget "HomeControll" */ = {
			isa = XCConfigurationList;
			buildConfigurations = (
				1A45BA0B1E1D742800A75CA6 /* Debug */,
				1A45BA0C1E1D742800A75CA6 /* Release */,
			);
			defaultConfigurationIsVisible = 0;
		};
		1A45BA0D1E1D742800A75CA6 /* Build configuration list for PBXNativeTarget "HomeControllTests" */ = {
			isa = XCConfigurationList;
			buildConfigurations = (
				1A45BA0E1E1D742800A75CA6 /* Debug */,
				1A45BA0F1E1D742800A75CA6 /* Release */,
			);
			defaultConfigurationIsVisible = 0;
		};
		1A45BA101E1D742800A75CA6 /* Build configuration list for PBXNativeTarget "HomeControllUITests" */ = {
			isa = XCConfigurationList;
			buildConfigurations = (
				1A45BA111E1D742800A75CA6 /* Debug */,
				1A45BA121E1D742800A75CA6 /* Release */,
			);
			defaultConfigurationIsVisible = 0;
		};
/* End XCConfigurationList section */

/* Begin XCVersionGroup section */
		1A45B9E91E1D742800A75CA6 /* HomeControll.xcdatamodeld */ = {
			isa = XCVersionGroup;
			children = (
				1A45B9EA1E1D742800A75CA6 /* HomeControll.xcdatamodel */,
			);
			currentVersion = 1A45B9EA1E1D742800A75CA6 /* HomeControll.xcdatamodel */;
			path = HomeControll.xcdatamodeld;
			sourceTree = "<group>";
			versionGroupType = wrapper.xcdatamodel;
		};
/* End XCVersionGroup section */
	};
	rootObject = 1A45B9D71E1D742700A75CA6 /* Project object */;
}
